
Microsoft Visual Studio Solution File, Format Version 12.00
# Visual Studio Version 16
VisualStudioVersion = 16.0.31624.102
MinimumVisualStudioVersion = 10.0.40219.1
Project("{FAE04EC0-301F-11D3-BF4B-00C04F79EFBC}") = "CursoMVC2", "CursoMVC2\CursoMVC2.csproj", "{1C781136-29D9-46DF-A4EB-7E1D37CC74C3}"
EndProject
Project("{FAE04EC0-301F-11D3-BF4B-00C04F79EFBC}") = "CursoAPI2", "CursoAPI2\CursoAPI2.csproj", "{80367807-1846-43C5-8C83-49D2B95D8E8E}"
EndProject
Project("{FAE04EC0-301F-11D3-BF4B-00C04F79EFBC}") = "CursoTest", "CursoTest\CursoTest.csproj", "{0368C103-24DA-4A68-8752-E1371925BA84}"
EndProject
Global
	GlobalSection(SolutionConfigurationPlatforms) = preSolution
		Debug|Any CPU = Debug|Any CPU
		Release|Any CPU = Release|Any CPU
	EndGlobalSection
	GlobalSection(ProjectConfigurationPlatforms) = postSolution
		{1C781136-29D9-46DF-A4EB-7E1D37CC74C3}.Debug|Any CPU.ActiveCfg = Debug|Any CPU
		{1C781136-29D9-46DF-A4EB-7E1D37CC74C3}.Debug|Any CPU.Build.0 = Debug|Any CPU
		{1C781136-29D9-46DF-A4EB-7E1D37CC74C3}.Release|Any CPU.ActiveCfg = Release|Any CPU
		{1C781136-29D9-46DF-A4EB-7E1D37CC74C3}.Release|Any CPU.Build.0 = Release|Any CPU
		{80367807-1846-43C5-8C83-49D2B95D8E8E}.Debug|Any CPU.ActiveCfg = Debug|Any CPU
		{80367807-1846-43C5-8C83-49D2B95D8E8E}.Debug|Any CPU.Build.0 = Debug|Any CPU
		{80367807-1846-43C5-8C83-49D2B95D8E8E}.Release|Any CPU.ActiveCfg = Release|Any CPU
		{80367807-1846-43C5-8C83-49D2B95D8E8E}.Release|Any CPU.Build.0 = Release|Any CPU
		{0368C103-24DA-4A68-8752-E1371925BA84}.Debug|Any CPU.ActiveCfg = Debug|Any CPU
		{0368C103-24DA-4A68-8752-E1371925BA84}.Debug|Any CPU.Build.0 = Debug|Any CPU
		{0368C103-24DA-4A68-8752-E1371925BA84}.Release|Any CPU.ActiveCfg = Release|Any CPU
		{0368C103-24DA-4A68-8752-E1371925BA84}.Release|Any CPU.Build.0 = Release|Any CPU
	EndGlobalSection
	GlobalSection(SolutionProperties) = preSolution
		HideSolutionNode = FALSE
	EndGlobalSection
	GlobalSection(ExtensibilityGlobals) = postSolution
		SolutionGuid = {47D8DC7A-6CB6-41E1-A390-859B854629F2}
	EndGlobalSection
EndGlobal
